
Microsoft Visual Studio Solution File, Format Version 12.00
# Visual Studio Version 17
VisualStudioVersion = 17.11.35312.102
MinimumVisualStudioVersion = 10.0.40219.1
Project("{9A19103F-16F7-4668-BE54-9A1E7A4F7556}") = "PasswordVaultUI", "PasswordVaultUI\PasswordVaultUI.csproj", "{787863AF-53C9-48D8-9B7D-8EC8FC8E4ABE}"
EndProject
Global
	GlobalSection(SolutionConfigurationPlatforms) = preSolution
		Debug|Any CPU = Debug|Any CPU
		Release|Any CPU = Release|Any CPU
	EndGlobalSection
	GlobalSection(ProjectConfigurationPlatforms) = postSolution
		{787863AF-53C9-48D8-9B7D-8EC8FC8E4ABE}.Debug|Any CPU.ActiveCfg = Debug|Any CPU
		{787863AF-53C9-48D8-9B7D-8EC8FC8E4ABE}.Debug|Any CPU.Build.0 = Debug|Any CPU
		{787863AF-53C9-48D8-9B7D-8EC8FC8E4ABE}.Release|Any CPU.ActiveCfg = Release|Any CPU
		{787863AF-53C9-48D8-9B7D-8EC8FC8E4ABE}.Release|Any CPU.Build.0 = Release|Any CPU
	EndGlobalSection
	GlobalSection(SolutionProperties) = preSolution
		HideSolutionNode = FALSE
	EndGlobalSection
	GlobalSection(ExtensibilityGlobals) = postSolution
		SolutionGuid = {92B914D3-57C8-41A1-8A53-A52F4BABE2AD}
	EndGlobalSection
EndGlobal
